lockfileVersion: '6.0'

settings:
  autoInstallPeers: true
  excludeLinksFromLockfile: false

dependencies:
  aws-serverless-express:
    specifier: ^3.3.5
    version: 3.3.5
  body-parser:
    specifier: ^1.17.2
    version: 1.17.2
  express:
    specifier: ^4.17.1
    version: 4.17.1

devDependencies:
  '@aws-sdk/client-cognito-identity-provider':
    specifier: ^3.303.0
    version: 3.303.0

packages:

  /@aws-crypto/ie11-detection@3.0.0:
    resolution: {integrity: sha512-341lBBkiY1DfDNKai/wXM3aujNBkXR7tq1URPQDL9wi3AUbI80NR74uF1TXHMm7po1AcnFk8iu2S2IeU/+/A+Q==}
    dependencies:
      tslib: 1.14.1
    dev: true

  /@aws-crypto/sha256-browser@3.0.0:
    resolution: {integrity: sha512-8VLmW2B+gjFbU5uMeqtQM6Nj0/F1bro80xQXCW6CQBWgosFWXTx77aeOF5CAIAmbOK64SdMBJdNr6J41yP5mvQ==}
    dependencies:
      '@aws-crypto/ie11-detection': 3.0.0
      '@aws-crypto/sha256-js': 3.0.0
      '@aws-crypto/supports-web-crypto': 3.0.0
      '@aws-crypto/util': 3.0.0
      '@aws-sdk/types': 3.303.0
      '@aws-sdk/util-locate-window': 3.310.0
      '@aws-sdk/util-utf8-browser': 3.259.0
      tslib: 1.14.1
    dev: true

  /@aws-crypto/sha256-js@3.0.0:
    resolution: {integrity: sha512-PnNN7os0+yd1XvXAy23CFOmTbMaDxgxXtTKHybrJ39Y8kGzBATgBFibWJKH6BhytLI/Zyszs87xCOBNyBig6vQ==}
    dependencies:
      '@aws-crypto/util': 3.0.0
      '@aws-sdk/types': 3.303.0
      tslib: 1.14.1
    dev: true

  /@aws-crypto/supports-web-crypto@3.0.0:
    resolution: {integrity: sha512-06hBdMwUAb2WFTuGG73LSC0wfPu93xWwo5vL2et9eymgmu3Id5vFAHBbajVWiGhPO37qcsdCap/FqXvJGJWPIg==}
    dependencies:
      tslib: 1.14.1
    dev: true

  /@aws-crypto/util@3.0.0:
    resolution: {integrity: sha512-2OJlpeJpCR48CC8r+uKVChzs9Iungj9wkZrl8Z041DWEWvyIHILYKCPNzJghKsivj+S3mLo6BVc7mBNzdxA46w==}
    dependencies:
      '@aws-sdk/types': 3.303.0
      '@aws-sdk/util-utf8-browser': 3.259.0
      tslib: 1.14.1
    dev: true

  /@aws-sdk/abort-controller@3.303.0:
    resolution: {integrity: sha512-LzNzpeyTppcmV/6SAQI3T/huOkMrUnFveplgVNwJxw+rVqmqmGV6z6vpg+oRICRDcjXWYiSiaClxxSVvOy0sDQ==}
    engines: {node: '>=14.0.0'}
    dependencies:
      '@aws-sdk/types': 3.303.0
      tslib: 2.6.1
    dev: true

  /@aws-sdk/client-cognito-identity-provider@3.303.0:
    resolution: {integrity: sha512-x2Q4BYrv0mbYJD5+6I3b/AQW0oSDYUafAJy0L8lDcjEzoBsyeDtS041mfVD59dCe76W8EsxkAWxKdP7UD0MZYg==}
    engines: {node: '>=14.0.0'}
    dependencies:
      '@aws-crypto/sha256-browser': 3.0.0
      '@aws-crypto/sha256-js': 3.0.0
      '@aws-sdk/client-sts': 3.303.0
      '@aws-sdk/config-resolver': 3.303.0
      '@aws-sdk/credential-provider-node': 3.303.0
      '@aws-sdk/fetch-http-handler': 3.303.0
      '@aws-sdk/hash-node': 3.303.0
      '@aws-sdk/invalid-dependency': 3.303.0
      '@aws-sdk/middleware-content-length': 3.303.0
      '@aws-sdk/middleware-endpoint': 3.303.0
      '@aws-sdk/middleware-host-header': 3.303.0
      '@aws-sdk/middleware-logger': 3.303.0
      '@aws-sdk/middleware-recursion-detection': 3.303.0
      '@aws-sdk/middleware-retry': 3.303.0
      '@aws-sdk/middleware-serde': 3.303.0
      '@aws-sdk/middleware-signing': 3.303.0
      '@aws-sdk/middleware-stack': 3.303.0
      '@aws-sdk/middleware-user-agent': 3.303.0
      '@aws-sdk/node-config-provider': 3.303.0
      '@aws-sdk/node-http-handler': 3.303.0
      '@aws-sdk/protocol-http': 3.303.0
      '@aws-sdk/smithy-client': 3.303.0
      '@aws-sdk/types': 3.303.0
      '@aws-sdk/url-parser': 3.303.0
      '@aws-sdk/util-base64': 3.303.0
      '@aws-sdk/util-body-length-browser': 3.303.0
      '@aws-sdk/util-body-length-node': 3.303.0
      '@aws-sdk/util-defaults-mode-browser': 3.303.0
      '@aws-sdk/util-defaults-mode-node': 3.303.0
      '@aws-sdk/util-endpoints': 3.303.0
      '@aws-sdk/util-retry': 3.303.0
      '@aws-sdk/util-user-agent-browser': 3.303.0
      '@aws-sdk/util-user-agent-node': 3.303.0
      '@aws-sdk/util-utf8': 3.303.0
      tslib: 2.6.1
    transitivePeerDependencies:
      - aws-crt
    dev: true

  /@aws-sdk/client-sso-oidc@3.303.0:
    resolution: {integrity: sha512-oOdDcBjxGiJ6mFWUMVr+A1hAzGRpcZ+oLAhCakpvpXCUG50PZSBFP+vOQXgHY/XNolqDg+IHq60oE9HoPzGleg==}
    engines: {node: '>=14.0.0'}
    dependencies:
      '@aws-crypto/sha256-browser': 3.0.0
      '@aws-crypto/sha256-js': 3.0.0
      '@aws-sdk/config-resolver': 3.303.0
      '@aws-sdk/fetch-http-handler': 3.303.0
      '@aws-sdk/hash-node': 3.303.0
      '@aws-sdk/invalid-dependency': 3.303.0
      '@aws-sdk/middleware-content-length': 3.303.0
      '@aws-sdk/middleware-endpoint': 3.303.0
      '@aws-sdk/middleware-host-header': 3.303.0
      '@aws-sdk/middleware-logger': 3.303.0
      '@aws-sdk/middleware-recursion-detection': 3.303.0
      '@aws-sdk/middleware-retry': 3.303.0
      '@aws-sdk/middleware-serde': 3.303.0
      '@aws-sdk/middleware-stack': 3.303.0
      '@aws-sdk/middleware-user-agent': 3.303.0
      '@aws-sdk/node-config-provider': 3.303.0
      '@aws-sdk/node-http-handler': 3.303.0
      '@aws-sdk/protocol-http': 3.303.0
      '@aws-sdk/smithy-client': 3.303.0
      '@aws-sdk/types': 3.303.0
      '@aws-sdk/url-parser': 3.303.0
      '@aws-sdk/util-base64': 3.303.0
      '@aws-sdk/util-body-length-browser': 3.303.0
      '@aws-sdk/util-body-length-node': 3.303.0
      '@aws-sdk/util-defaults-mode-browser': 3.303.0
      '@aws-sdk/util-defaults-mode-node': 3.303.0
      '@aws-sdk/util-endpoints': 3.303.0
      '@aws-sdk/util-retry': 3.303.0
      '@aws-sdk/util-user-agent-browser': 3.303.0
      '@aws-sdk/util-user-agent-node': 3.303.0
      '@aws-sdk/util-utf8': 3.303.0
      tslib: 2.6.1
    transitivePeerDependencies:
      - aws-crt
    dev: true

  /@aws-sdk/client-sso@3.303.0:
    resolution: {integrity: sha512-LZ+Z6vGnEdqmxx0dqtZP97n5VX5uUKu4lJmDR3sdGolxAUqCY1FxHDZd9DzCFXR8rwoJK4VJTL+exzeVp4Ly/g==}
    engines: {node: '>=14.0.0'}
    dependencies:
      '@aws-crypto/sha256-browser': 3.0.0
      '@aws-crypto/sha256-js': 3.0.0
      '@aws-sdk/config-resolver': 3.303.0
      '@aws-sdk/fetch-http-handler': 3.303.0
      '@aws-sdk/hash-node': 3.303.0
      '@aws-sdk/invalid-dependency': 3.303.0
      '@aws-sdk/middleware-content-length': 3.303.0
      '@aws-sdk/middleware-endpoint': 3.303.0
      '@aws-sdk/middleware-host-header': 3.303.0
      '@aws-sdk/middleware-logger': 3.303.0
      '@aws-sdk/middleware-recursion-detection': 3.303.0
      '@aws-sdk/middleware-retry': 3.303.0
      '@aws-sdk/middleware-serde': 3.303.0
      '@aws-sdk/middleware-stack': 3.303.0
      '@aws-sdk/middleware-user-agent': 3.303.0
      '@aws-sdk/node-config-provider': 3.303.0
      '@aws-sdk/node-http-handler': 3.303.0
      '@aws-sdk/protocol-http': 3.303.0
      '@aws-sdk/smithy-client': 3.303.0
      '@aws-sdk/types': 3.303.0
      '@aws-sdk/url-parser': 3.303.0
      '@aws-sdk/util-base64': 3.303.0
      '@aws-sdk/util-body-length-browser': 3.303.0
      '@aws-sdk/util-body-length-node': 3.303.0
      '@aws-sdk/util-defaults-mode-browser': 3.303.0
      '@aws-sdk/util-defaults-mode-node': 3.303.0
      '@aws-sdk/util-endpoints': 3.303.0
      '@aws-sdk/util-retry': 3.303.0
      '@aws-sdk/util-user-agent-browser': 3.303.0
      '@aws-sdk/util-user-agent-node': 3.303.0
      '@aws-sdk/util-utf8': 3.303.0
      tslib: 2.6.1
    transitivePeerDependencies:
      - aws-crt
    dev: true

  /@aws-sdk/client-sts@3.303.0:
    resolution: {integrity: sha512-oda7mOfGyJZe62DZ5BVH3L84yeDM0Ja/fSpTjwV9hqFqzgtW83TCpiNegcJmvmGWDYaPmE2qpfDPqPzymB0sBg==}
    engines: {node: '>=14.0.0'}
    dependencies:
      '@aws-crypto/sha256-browser': 3.0.0
      '@aws-crypto/sha256-js': 3.0.0
      '@aws-sdk/config-resolver': 3.303.0
      '@aws-sdk/credential-provider-node': 3.303.0
      '@aws-sdk/fetch-http-handler': 3.303.0
      '@aws-sdk/hash-node': 3.303.0
      '@aws-sdk/invalid-dependency': 3.303.0
      '@aws-sdk/middleware-content-length': 3.303.0
      '@aws-sdk/middleware-endpoint': 3.303.0
      '@aws-sdk/middleware-host-header': 3.303.0
      '@aws-sdk/middleware-logger': 3.303.0
      '@aws-sdk/middleware-recursion-detection': 3.303.0
      '@aws-sdk/middleware-retry': 3.303.0
      '@aws-sdk/middleware-sdk-sts': 3.303.0
      '@aws-sdk/middleware-serde': 3.303.0
      '@aws-sdk/middleware-signing': 3.303.0
      '@aws-sdk/middleware-stack': 3.303.0
      '@aws-sdk/middleware-user-agent': 3.303.0
      '@aws-sdk/node-config-provider': 3.303.0
      '@aws-sdk/node-http-handler': 3.303.0
      '@aws-sdk/protocol-http': 3.303.0
      '@aws-sdk/smithy-client': 3.303.0
      '@aws-sdk/types': 3.303.0
      '@aws-sdk/url-parser': 3.303.0
      '@aws-sdk/util-base64': 3.303.0
      '@aws-sdk/util-body-length-browser': 3.303.0
      '@aws-sdk/util-body-length-node': 3.303.0
      '@aws-sdk/util-defaults-mode-browser': 3.303.0
      '@aws-sdk/util-defaults-mode-node': 3.303.0
      '@aws-sdk/util-endpoints': 3.303.0
      '@aws-sdk/util-retry': 3.303.0
      '@aws-sdk/util-user-agent-browser': 3.303.0
      '@aws-sdk/util-user-agent-node': 3.303.0
      '@aws-sdk/util-utf8': 3.303.0
      fast-xml-parser: 4.1.2
      tslib: 2.6.1
    transitivePeerDependencies:
      - aws-crt
    dev: true

  /@aws-sdk/config-resolver@3.303.0:
    resolution: {integrity: sha512-uGZ47jcH86AwWcjZjuOL5jK5qE4izrEol8oF7KY214kjmavbKQstyUqmcwL2lr/YpDNFkCYgUxWRpduqVm8zmw==}
    engines: {node: '>=14.0.0'}
    dependencies:
      '@aws-sdk/types': 3.303.0
      '@aws-sdk/util-config-provider': 3.295.0
      '@aws-sdk/util-middleware': 3.303.0
      tslib: 2.6.1
    dev: true

  /@aws-sdk/credential-provider-env@3.303.0:
    resolution: {integrity: sha512-rtXumfF4cGrVk9fWACeLCfdpmlzlDUkzwSR60/3enC5Antcxl3fFY5T1BzNFvz0mB0zcwm4kaAwIcljX67DNRA==}
    engines: {node: '>=14.0.0'}
    dependencies:
      '@aws-sdk/property-provider': 3.303.0
      '@aws-sdk/types': 3.303.0
      tslib: 2.6.1
    dev: true

  /@aws-sdk/credential-provider-imds@3.303.0:
    resolution: {integrity: sha512-ruomcFkKUpJkZb87em698//A0AVpt1KN9dn8N8eVyOuvZzebVxSW4AJoVgOKd5Av4PVcZgEqRX0kOOVp0iTrWg==}
    engines: {node: '>=14.0.0'}
    dependencies:
      '@aws-sdk/node-config-provider': 3.303.0
      '@aws-sdk/property-provider': 3.303.0
      '@aws-sdk/types': 3.303.0
      '@aws-sdk/url-parser': 3.303.0
      tslib: 2.6.1
    dev: true

  /@aws-sdk/credential-provider-ini@3.303.0:
    resolution: {integrity: sha512-4J50F6fEjQmAstSQOpJFG+rnbEqtwA7nDG6PxNm98VSTH2mYJV0YgBdvydfBKrKINAT4xYZta5Sc4WEIpSo0TA==}
    engines: {node: '>=14.0.0'}
    dependencies:
      '@aws-sdk/credential-provider-env': 3.303.0
      '@aws-sdk/credential-provider-imds': 3.303.0
      '@aws-sdk/credential-provider-process': 3.303.0
      '@aws-sdk/credential-provider-sso': 3.303.0
      '@aws-sdk/credential-provider-web-identity': 3.303.0
      '@aws-sdk/property-provider': 3.303.0
      '@aws-sdk/shared-ini-file-loader': 3.303.0
      '@aws-sdk/types': 3.303.0
      tslib: 2.6.1
    transitivePeerDependencies:
      - aws-crt
    dev: true

  /@aws-sdk/credential-provider-node@3.303.0:
    resolution: {integrity: sha512-OlKb7O2jDtrzkzLT/PUb5kxuGGTIyPn2alXzGT+7LdJ9/tP8KlqSVMtnH2UYPPdcc/daK16+MRNL5ylxmnRJ7Q==}
    engines: {node: '>=14.0.0'}
    dependencies:
      '@aws-sdk/credential-provider-env': 3.303.0
      '@aws-sdk/credential-provider-imds': 3.303.0
      '@aws-sdk/credential-provider-ini': 3.303.0
      '@aws-sdk/credential-provider-process': 3.303.0
      '@aws-sdk/credential-provider-sso': 3.303.0
      '@aws-sdk/credential-provider-web-identity': 3.303.0
      '@aws-sdk/property-provider': 3.303.0
      '@aws-sdk/shared-ini-file-loader': 3.303.0
      '@aws-sdk/types': 3.303.0
      tslib: 2.6.1
    transitivePeerDependencies:
      - aws-crt
    dev: true

  /@aws-sdk/credential-provider-process@3.303.0:
    resolution: {integrity: sha512-1pxDYRscGlERAjFE5hSF1KQdcyOGzssuRTdLvez4I/mSIOAJLMmBAnmHGI/DME2LzDVrC9dklA6LHSC2sn3quQ==}
    engines: {node: '>=14.0.0'}
    dependencies:
      '@aws-sdk/property-provider': 3.303.0
      '@aws-sdk/shared-ini-file-loader': 3.303.0
      '@aws-sdk/types': 3.303.0
      tslib: 2.6.1
    dev: true

  /@aws-sdk/credential-provider-sso@3.303.0:
    resolution: {integrity: sha512-/szzM1BzZGjHwV4mSiZo65cyDleJqnxM9Y4autg55mb3dFwcCiMGI6TGbdegumrNZZlCTeTA1lIhA9PdT4gDAQ==}
    engines: {node: '>=14.0.0'}
    dependencies:
      '@aws-sdk/client-sso': 3.303.0
      '@aws-sdk/property-provider': 3.303.0
      '@aws-sdk/shared-ini-file-loader': 3.303.0
      '@aws-sdk/token-providers': 3.303.0
      '@aws-sdk/types': 3.303.0
      tslib: 2.6.1
    transitivePeerDependencies:
      - aws-crt
    dev: true

  /@aws-sdk/credential-provider-web-identity@3.303.0:
    resolution: {integrity: sha512-qi5CP4ocseqdj3kMi0vgLx8XrdanLNvCAfgiEF6LjUJI88R2snZAYNUSd+Y2n04mKAalns+mUwfUN2JyL66d5g==}
    engines: {node: '>=14.0.0'}
    dependencies:
      '@aws-sdk/property-provider': 3.303.0
      '@aws-sdk/types': 3.303.0
      tslib: 2.6.1
    dev: true

  /@aws-sdk/fetch-http-handler@3.303.0:
    resolution: {integrity: sha512-Bc6C86/KQOSWPa741h9QEVcApyignYV5vC5+zZjmKkcyPxrVxTmL3kTJidpVOtVfCmTIrNN/WhAVDzLBbh1ycQ==}
    dependencies:
      '@aws-sdk/protocol-http': 3.303.0
      '@aws-sdk/querystring-builder': 3.303.0
      '@aws-sdk/types': 3.303.0
      '@aws-sdk/util-base64': 3.303.0
      tslib: 2.6.1
    dev: true

  /@aws-sdk/hash-node@3.303.0:
    resolution: {integrity: sha512-jSo4A/JxTabZ9jHrx7nhKIXnOmvPg/SSYnoHaFdVS5URJrNt1w+nSvW1wLGMEMOvu5+NU3bldBBSb+h0Ocwv1A==}
    engines: {node: '>=14.0.0'}
    dependencies:
      '@aws-sdk/types': 3.303.0
      '@aws-sdk/util-buffer-from': 3.303.0
      '@aws-sdk/util-utf8': 3.303.0
      tslib: 2.6.1
    dev: true

  /@aws-sdk/invalid-dependency@3.303.0:
    resolution: {integrity: sha512-RXNcLxOrUJaMMqk5uIYEf6X9XCMockT27bS8Dde/0ms015VOo8Wn2hHU9wEmGeFvLccC2UU4gPzvmj74w70q2Q==}
    dependencies:
      '@aws-sdk/types': 3.303.0
      tslib: 2.6.1
    dev: true

  /@aws-sdk/is-array-buffer@3.303.0:
    resolution: {integrity: sha512-IitBTr+pou7v5BrYLFH/SbIf3g1LIgMhcI3bDXBq2FjzmDftj4bW8BOmg05b9YKf2TrrggvJ4yk/jH+yYFXoJQ==}
    engines: {node: '>=14.0.0'}
    dependencies:
      tslib: 2.6.1
    dev: true

  /@aws-sdk/middleware-content-length@3.303.0:
    resolution: {integrity: sha512-0UL5TWSL1JRpjT6gjGsZXfia5oL7vxzj+CfMCqkP6gjVF69eRcgu426Xc6TJwDcr6jIFPeamDBTLyt9ZAAr6hg==}
    engines: {node: '>=14.0.0'}
    dependencies:
      '@aws-sdk/protocol-http': 3.303.0
      '@aws-sdk/types': 3.303.0
      tslib: 2.6.1
    dev: true

  /@aws-sdk/middleware-endpoint@3.303.0:
    resolution: {integrity: sha512-z2i8LJ6YTKbqXh9rY/KbXihvhq6P0JVI6SnkwT2hesJp0Nfldx85jsaLzj1+ioNKlQ+51u9UmBnO404DgNCAbg==}
    engines: {node: '>=14.0.0'}
    dependencies:
      '@aws-sdk/middleware-serde': 3.303.0
      '@aws-sdk/types': 3.303.0
      '@aws-sdk/url-parser': 3.303.0
      '@aws-sdk/util-middleware': 3.303.0
      tslib: 2.6.1
    dev: true

  /@aws-sdk/middleware-host-header@3.303.0:
    resolution: {integrity: sha512-LUyhtjbuosrD0QAsBZJwT3yp146I7Xjehf42OP3dWbRuklMEilI0Res5K2/nknf3/ZKUj6sf7BbJoU8E+SpRiQ==}
    engines: {node: '>=14.0.0'}
    dependencies:
      '@aws-sdk/protocol-http': 3.303.0
      '@aws-sdk/types': 3.303.0
      tslib: 2.6.1
    dev: true

  /@aws-sdk/middleware-logger@3.303.0:
    resolution: {integrity: sha512-y2sqmmBdm4gXUL4SyN+ucfO/sxtOEDj2sB12ArRpDGyerfNLhAf7xpL4lXkjPx/7wTIjlBWoO2G/yK6t00P6fA==}
    engines: {node: '>=14.0.0'}
    dependencies:
      '@aws-sdk/types': 3.303.0
      tslib: 2.6.1
    dev: true

  /@aws-sdk/middleware-recursion-detection@3.303.0:
    resolution: {integrity: sha512-z3MTsZMtPg6hYWl6a0o07q7zgsDXPYeP14XFVMc8NXqiAyNcm/OYwanpXyNjsEKI/X0nlpJ/Rs+IRCbaIqV9Mw==}
    engines: {node: '>=14.0.0'}
    dependencies:
      '@aws-sdk/protocol-http': 3.303.0
      '@aws-sdk/types': 3.303.0
      tslib: 2.6.1
    dev: true

  /@aws-sdk/middleware-retry@3.303.0:
    resolution: {integrity: sha512-wxlqrdGOrCm2Jsra7YyfLyO34YRB/FNlXzwuJiZkqoAb/40ZAuFcWqDv41SP44y8liFXqfsMGuywJ7mK2cHvnA==}
    engines: {node: '>=14.0.0'}
    dependencies:
      '@aws-sdk/protocol-http': 3.303.0
      '@aws-sdk/service-error-classification': 3.303.0
      '@aws-sdk/types': 3.303.0
      '@aws-sdk/util-middleware': 3.303.0
      '@aws-sdk/util-retry': 3.303.0
      tslib: 2.6.1
      uuid: 8.3.2
    dev: true

  /@aws-sdk/middleware-sdk-sts@3.303.0:
    resolution: {integrity: sha512-igp7htNCUPhVL9Q6rJSgcx3qy/P2l2KAiS0oozOTaTXt3h0LbOusSXtwyA7qvLYeRthnw6msVW+rVBAW3Vo+3g==}
    engines: {node: '>=14.0.0'}
    dependencies:
      '@aws-sdk/middleware-signing': 3.303.0
      '@aws-sdk/types': 3.303.0
      tslib: 2.6.1
    dev: true

  /@aws-sdk/middleware-serde@3.303.0:
    resolution: {integrity: sha512-mmZozwYKgUgXkJrLVqgIYoOQ8DfKZS3pBBT3ZxWzv5Hz5M3oRqFgfVYljkeDM2CTvBweHpqVRTWqPDMcZisucg==}
    engines: {node: '>=14.0.0'}
    dependencies:
      '@aws-sdk/types': 3.303.0
      tslib: 2.6.1
    dev: true

  /@aws-sdk/middleware-signing@3.303.0:
    resolution: {integrity: sha512-rrLQcS2wFsUGj9Kyx78LRgRS8jwiixz/Nyv06SmcKhP680sweETpQz/EA+wcVEVRXmUI6vs4NtqXz36dU0X8Nw==}
    engines: {node: '>=14.0.0'}
    dependencies:
      '@aws-sdk/property-provider': 3.303.0
      '@aws-sdk/protocol-http': 3.303.0
      '@aws-sdk/signature-v4': 3.303.0
      '@aws-sdk/types': 3.303.0
      '@aws-sdk/util-middleware': 3.303.0
      tslib: 2.6.1
    dev: true

  /@aws-sdk/middleware-stack@3.303.0:
    resolution: {integrity: sha512-6KmdroXLexzILGxF/Xq0cGBs+B8Ipm1pff8qnWCT6KldYp+Q40bVcJrExkVHDN1uOsOxu20ixW2yujOKS356zg==}
    engines: {node: '>=14.0.0'}
    dependencies:
      tslib: 2.6.1
    dev: true

  /@aws-sdk/middleware-user-agent@3.303.0:
    resolution: {integrity: sha512-ZVMVNxPRn2jXog3V4xWokSYoQxTKAdKlNoCfjqFplsF70r8sXfgZtOMF5ZhGo+Hgsx7GqpR/NWPKJtZD2nigpg==}
    engines: {node: '>=14.0.0'}
    dependencies:
      '@aws-sdk/protocol-http': 3.303.0
      '@aws-sdk/types': 3.303.0
      '@aws-sdk/util-endpoints': 3.303.0
      tslib: 2.6.1
    dev: true

  /@aws-sdk/node-config-provider@3.303.0:
    resolution: {integrity: sha512-Ywbo9+2SkbdmNgCoxYJrv+YrFDtBH7hHtn2ywtzP4t57d4t0V/LNrNQsrAsXxqy48OS5r2ovOLHiqJS5jp1oyw==}
    engines: {node: '>=14.0.0'}
    dependencies:
      '@aws-sdk/property-provider': 3.303.0
      '@aws-sdk/shared-ini-file-loader': 3.303.0
      '@aws-sdk/types': 3.303.0
      tslib: 2.6.1
    dev: true

  /@aws-sdk/node-http-handler@3.303.0:
    resolution: {integrity: sha512-5Te+mwBIOiQr2nM7/SNVFkvYHOH/CswOmUMV4Gxc7YjuervhrYvVFs2P+lL+c8rfiVMTLWjnJ6JiL2JdJfYgnQ==}
    engines: {node: '>=14.0.0'}
    dependencies:
      '@aws-sdk/abort-controller': 3.303.0
      '@aws-sdk/protocol-http': 3.303.0
      '@aws-sdk/querystring-builder': 3.303.0
      '@aws-sdk/types': 3.303.0
      tslib: 2.6.1
    dev: true

  /@aws-sdk/property-provider@3.303.0:
    resolution: {integrity: sha512-d1qbn0pCz+jvB0dcWMWuIlWYM8dWCg3185ngMgUQxkgUk7/kEbwGBsmT+xtZAMQcwcgPkSm8qeATEQ7ToiH8eQ==}
    engines: {node: '>=14.0.0'}
    dependencies:
      '@aws-sdk/types': 3.303.0
      tslib: 2.6.1
    dev: true

  /@aws-sdk/protocol-http@3.303.0:
    resolution: {integrity: sha512-eqblSsdmKBzgNl06dUnL4toq/OQgZyxVsxHCz2nI/xBk5lI/qAZIJyEgP2GmP8aoWwneAq33roG0VLZoxQ8exg==}
    engines: {node: '>=14.0.0'}
    dependencies:
      '@aws-sdk/types': 3.303.0
      tslib: 2.6.1
    dev: true

  /@aws-sdk/querystring-builder@3.303.0:
    resolution: {integrity: sha512-0eMp2gd7Ro0svJ6YVnp9cUiGtrc1d/HynyMfbDkLkqWJAnHMz7Oc1GjK5YyL1hdxm0W+JWZCPR0SovLiaboKDw==}
    engines: {node: '>=14.0.0'}
    dependencies:
      '@aws-sdk/types': 3.303.0
      '@aws-sdk/util-uri-escape': 3.303.0
      tslib: 2.6.1
    dev: true

  /@aws-sdk/querystring-parser@3.303.0:
    resolution: {integrity: sha512-KNJSQiTFiA7W5eYCox8bLGM7kghC3Azad86HQhdsYO0jCoPxcgj8MeP6T7fPTIC4WcTwcWb7T1MpzoeBiKMOTQ==}
    engines: {node: '>=14.0.0'}
    dependencies:
      '@aws-sdk/types': 3.303.0
      tslib: 2.6.1
    dev: true

  /@aws-sdk/service-error-classification@3.303.0:
    resolution: {integrity: sha512-eO13PzdtRO9C+g3tyFOpIblX2SbDrIbg2bNtB8JOfjVi3E1b5VsSTXXU/cKV+lbZ9XMzMn3VzGSvpo6AjzfpxA==}
    engines: {node: '>=14.0.0'}
    dev: true

  /@aws-sdk/shared-ini-file-loader@3.303.0:
    resolution: {integrity: sha512-yI84mnnh3pdQtIOo+oGWofaI0rvfhp3DOavB8KHIkQr+RcjF+fxsqbelRfVb25gx7yEWPNCMB8wM+HhklSEFJg==}
    engines: {node: '>=14.0.0'}
    dependencies:
      '@aws-sdk/types': 3.303.0
      tslib: 2.6.1
    dev: true

  /@aws-sdk/signature-v4@3.303.0:
    resolution: {integrity: sha512-muw5yclLOgXPHIxv60mhO6R0GVjKbf+M6E/cWvIEVGq8Ke+mLMYNFYNdKP/f/8JgTtW2xwQ7pIK3U8x284ZqPw==}
    engines: {node: '>=14.0.0'}
    dependencies:
      '@aws-sdk/is-array-buffer': 3.303.0
      '@aws-sdk/types': 3.303.0
      '@aws-sdk/util-hex-encoding': 3.295.0
      '@aws-sdk/util-middleware': 3.303.0
      '@aws-sdk/util-uri-escape': 3.303.0
      '@aws-sdk/util-utf8': 3.303.0
      tslib: 2.6.1
    dev: true

  /@aws-sdk/smithy-client@3.303.0:
    resolution: {integrity: sha512-WDTC9ODdpRAXo8+Mtr5hsPJeR3y3LxfZZFg5dplJgkaxV+MFdnsUCxZfAZMnxcGy5Q2qTzlLLNk9CpadS72v+g==}
    engines: {node: '>=14.0.0'}
    dependencies:
      '@aws-sdk/middleware-stack': 3.303.0
      '@aws-sdk/types': 3.303.0
      tslib: 2.6.1
    dev: true

  /@aws-sdk/token-providers@3.303.0:
    resolution: {integrity: sha512-7G7VYbqyX0v6RTD/m7XmArZToMek4jYXR/TuuGHK6ifNJeMDwkU4BcoVDj37vvTPYp6qKU5IE+bE3XmPyVWnGQ==}
    engines: {node: '>=14.0.0'}
    dependencies:
      '@aws-sdk/client-sso-oidc': 3.303.0
      '@aws-sdk/property-provider': 3.303.0
      '@aws-sdk/shared-ini-file-loader': 3.303.0
      '@aws-sdk/types': 3.303.0
      tslib: 2.6.1
    transitivePeerDependencies:
      - aws-crt
    dev: true

  /@aws-sdk/types@3.303.0:
    resolution: {integrity: sha512-H+Cy8JDTsK87MID6MJbV9ad5xdS9YvaLZSeveC2Zs1WNu2Rp6X9j+mg3EqDSmBKUQVAFRy2b+CSKkH3nnBMedw==}
    engines: {node: '>=14.0.0'}
    dependencies:
      tslib: 2.6.1
    dev: true

  /@aws-sdk/url-parser@3.303.0:
    resolution: {integrity: sha512-PXMXGhr89s0MiPTf8Ft/v3sPzh2geSrFhTVSO/01blfBQqtuu0JMqORhLheOdi16AhQNVlYHDW2tWdx7/T+KsA==}
    dependencies:
      '@aws-sdk/querystring-parser': 3.303.0
      '@aws-sdk/types': 3.303.0
      tslib: 2.6.1
    dev: true

  /@aws-sdk/util-base64@3.303.0:
    resolution: {integrity: sha512-oj+p/GHHPcZEKjiiOHU/CyNQeh8i+8dfMMzU+VGdoK5jHaVG8h2b+V7GPf7I4wDkG2ySCK5b5Jw5NUHwdTJ13Q==}
    engines: {node: '>=14.0.0'}
    dependencies:
      '@aws-sdk/util-buffer-from': 3.303.0
      tslib: 2.6.1
    dev: true

  /@aws-sdk/util-body-length-browser@3.303.0:
    resolution: {integrity: sha512-T643m0pKzgjAvPFy4W8zL+aszG3T22U8hb6stlMvT0z++Smv8QfIvkIkXjWyH2KlOt5GKliHwdOv8SAi0FSMJQ==}
    dependencies:
      tslib: 2.6.1
    dev: true

  /@aws-sdk/util-body-length-node@3.303.0:
    resolution: {integrity: sha512-/hS8z6e18Le60hJr2TUIFoUjUiAsnQsuDn6DxX74GXhMOHeSwZDJ9jHF39quYkNMmAE37GrVH4MI9vE0pN27qw==}
    engines: {node: '>=14.0.0'}
    dependencies:
      tslib: 2.6.1
    dev: true

  /@aws-sdk/util-buffer-from@3.303.0:
    resolution: {integrity: sha512-hUU+NW+SW6RNojtAKnnmz+tDShVKlEx2YsS4a5fSfrKRUes+zWz10cxVX0RQfysd3R6tdSHhbjsSj8eCIybheg==}
    engines: {node: '>=14.0.0'}
    dependencies:
      '@aws-sdk/is-array-buffer': 3.303.0
      tslib: 2.6.1
    dev: true

  /@aws-sdk/util-config-provider@3.295.0:
    resolution: {integrity: sha512-/5Dl1aV2yI8YQjqwmg4RTnl/E9NmNsx7HIwBZt+dTcOrM0LMUwczQBFFcLyqCj/qv5y+VsvLoAAA/OiBT7hb3w==}
    engines: {node: '>=14.0.0'}
    dependencies:
      tslib: 2.6.1
    dev: true

  /@aws-sdk/util-defaults-mode-browser@3.303.0:
    resolution: {integrity: sha512-jtZgCKelFe4/SHDHQu9ydbYttxSfqSlQojA5qxTJxLvzryIB+/GTHQ+sYWyMyzaD489W9elt1/cSsXd4LtPK0A==}
    engines: {node: '>= 10.0.0'}
    dependencies:
      '@aws-sdk/property-provider': 3.303.0
      '@aws-sdk/types': 3.303.0
      bowser: 2.11.0
      tslib: 2.6.1
    dev: true

  /@aws-sdk/util-defaults-mode-node@3.303.0:
    resolution: {integrity: sha512-c86iyot/u9bCVcy/rlWL+0kdR51c7C2d2yDXvO9iFCdMKAs28Hw1ijGczVmOcUQ61zKNFSGYx+VekHXN9IWYOg==}
    engines: {node: '>= 10.0.0'}
    dependencies:
      '@aws-sdk/config-resolver': 3.303.0
      '@aws-sdk/credential-provider-imds': 3.303.0
      '@aws-sdk/node-config-provider': 3.303.0
      '@aws-sdk/property-provider': 3.303.0
      '@aws-sdk/types': 3.303.0
      tslib: 2.6.1
    dev: true

  /@aws-sdk/util-endpoints@3.303.0:
    resolution: {integrity: sha512-dPg9+l3VY3nclWFiWAVNWek5lQwgdtY8oRYOgCeyntce9FlNrPQgCRTVr36D0iQ0aNCs0GWzfjgL+rIdCF66/w==}
    engines: {node: '>=14.0.0'}
    dependencies:
      '@aws-sdk/types': 3.303.0
      tslib: 2.6.1
    dev: true

  /@aws-sdk/util-hex-encoding@3.295.0:
    resolution: {integrity: sha512-XJcoVo41kHzhe28PBm/rqt5mdCp8R6abwiW9ug1dA6FOoPUO8kBUxDv6xaOmA2hfRvd2ocFfBXaUCBqUowkGcQ==}
    engines: {node: '>=14.0.0'}
    dependencies:
      tslib: 2.6.1
    dev: true

  /@aws-sdk/util-locate-window@3.310.0:
    resolution: {integrity: sha512-qo2t/vBTnoXpjKxlsC2e1gBrRm80M3bId27r0BRB2VniSSe7bL1mmzM+/HFtujm0iAxtPM+aLEflLJlJeDPg0w==}
    engines: {node: '>=14.0.0'}
    dependencies:
      tslib: 2.6.1
    dev: true

  /@aws-sdk/util-middleware@3.303.0:
    resolution: {integrity: sha512-HAfBcbZw1+pY3dIEDM4jVpH1ViFcGH5s0q1dr+x4rcLGpMM3B4dH0HUgDPtycG8sw+nk+9jGgiEtgaCNOpJLGA==}
    engines: {node: '>=14.0.0'}
    dependencies:
      tslib: 2.6.1
    dev: true

  /@aws-sdk/util-retry@3.303.0:
    resolution: {integrity: sha512-RWwRNjoWMcpDouz69wPuFXWFVzwYtUkTbJfa46SjKl1IwqMHS4f9yjJfCwJIoLOW9M/o2JB7nD0Ij3gqqzajLw==}
    engines: {node: '>= 14.0.0'}
    dependencies:
      '@aws-sdk/service-error-classification': 3.303.0
      tslib: 2.6.1
    dev: true

  /@aws-sdk/util-uri-escape@3.303.0:
    resolution: {integrity: sha512-N3ULNuHCL3QzAlCTY+XRRkRQTYCTU8RRuzFCJX0pDpz9t2K+tLT7DbxqupWGNFGl5Xlulf1Is14J3BP/Dx91rA==}
    engines: {node: '>=14.0.0'}
    dependencies:
      tslib: 2.6.1
    dev: true

  /@aws-sdk/util-user-agent-browser@3.303.0:
    resolution: {integrity: sha512-Kex3abpUrTX9z129jiI8sfjIUmQDwiWjhkvBkPmrwjFY/sZcnOcXj5nP2iwJ+k6CnA5ZK5PjZ6P62t+eJ5MTXw==}
    dependencies:
      '@aws-sdk/types': 3.303.0
      bowser: 2.11.0
      tslib: 2.6.1
    dev: true

  /@aws-sdk/util-user-agent-node@3.303.0:
    resolution: {integrity: sha512-QYUg8F/Ho6AsVZaSSRMf/LWoEPDyOwgKZBw3AbKoH6RxAdAsdL1SXz5t4A6jHakP9TLVN2Yw2WRbHDe4LATASQ==}
    engines: {node: '>=14.0.0'}
    peerDependencies:
      aws-crt: '>=1.0.0'
    peerDependenciesMeta:
      aws-crt:
        optional: true
    dependencies:
      '@aws-sdk/node-config-provider': 3.303.0
      '@aws-sdk/types': 3.303.0
      tslib: 2.6.1
    dev: true

  /@aws-sdk/util-utf8-browser@3.259.0:
    resolution: {integrity: sha512-UvFa/vR+e19XookZF8RzFZBrw2EUkQWxiBW0yYQAhvk3C+QVGl0H3ouca8LDBlBfQKXwmW3huo/59H8rwb1wJw==}
    dependencies:
      tslib: 2.6.1
    dev: true

  /@aws-sdk/util-utf8@3.303.0:
    resolution: {integrity: sha512-tZXVuMOIONPOuOGBs/XRdzxv6jUvTM620dRFFIHZwlGiW8bo0x0LlonrzDAJZA4e9ZwmxJIj8Ji13WVRBGvZWg==}
    engines: {node: '>=14.0.0'}
    dependencies:
      '@aws-sdk/util-buffer-from': 3.303.0
      tslib: 2.6.1
    dev: true

  /accepts@1.3.8:
    resolution: {integrity: sha512-PYAthTa2m2VKxuvSD3DPC/Gy+U+sOA1LAuT8mkmRuvw+NACSaeXEQ+NHcVF7rONl6qcaxV3Uuemwawk+7+SJLw==}
    engines: {node: '>= 0.6'}
    dependencies:
      mime-types: 2.1.35
      negotiator: 0.6.3
    dev: false

  /array-flatten@1.1.1:
    resolution: {integrity: sha512-PCVAQswWemu6UdxsDFFX/+gVeYqKAod3D3UVm91jHwynguOwAvYPhx8nNlM++NqRcK6CxxpUafjmhIdKiHibqg==}
    dev: false

  /aws-serverless-express@3.3.5:
    resolution: {integrity: sha512-j/rVn0opGkksCQjUd0ji9HZKjcx2E+MbBM3p68ocYStG6B16Wl88Hqxd/d1TdwE5RRo8g0uhiFaLTfp8tA4eKg==}
    engines: {node: '>=4'}
    dependencies:
      binary-case: 1.1.4
      type-is: 1.6.18
    dev: false

  /binary-case@1.1.4:
    resolution: {integrity: sha512-9Kq8m6NZTAgy05Ryuh7U3Qc4/ujLQU1AZ5vMw4cr3igTdi5itZC6kCNrRr2X8NzPiDn2oUIFTfa71DKMnue/Zg==}
    dev: false

  /body-parser@1.17.2:
    resolution: {integrity: sha512-pLoAUdkGfkp6VGbhhNWLtvF5dkWYVY7oSwZa45ZJeTxAipUB9L7n1cx0a/leni10VflrjorZM7Jb5jKxpIYniw==}
    engines: {node: '>= 0.8'}
    dependencies:
      bytes: 2.4.0
      content-type: 1.0.5
      debug: 2.6.7
      depd: 1.1.2
      http-errors: 1.6.3
      iconv-lite: 0.4.15
      on-finished: 2.3.0
      qs: 6.4.0
      raw-body: 2.2.0
      type-is: 1.6.18
    transitivePeerDependencies:
      - supports-color
    dev: false

  /body-parser@1.19.0:
    resolution: {integrity: sha512-dhEPs72UPbDnAQJ9ZKMNTP6ptJaionhP5cBb541nXPlW60Jepo9RV/a4fX4XWW9CuFNK22krhrj1+rgzifNCsw==}
    engines: {node: '>= 0.8'}
    dependencies:
      bytes: 3.1.0
      content-type: 1.0.5
      debug: 2.6.9
      depd: 1.1.2
      http-errors: 1.7.2
      iconv-lite: 0.4.24
      on-finished: 2.3.0
      qs: 6.7.0
      raw-body: 2.4.0
      type-is: 1.6.18
    transitivePeerDependencies:
      - supports-color
    dev: false

  /bowser@2.11.0:
    resolution: {integrity: sha512-AlcaJBi/pqqJBIQ8U9Mcpc9i8Aqxn88Skv5d+xBX006BY5u8N3mGLHa5Lgppa7L/HfwgwLgZ6NYs+Ag6uUmJRA==}
    dev: true

  /bytes@2.4.0:
    resolution: {integrity: sha512-SvUX8+c/Ga454a4fprIdIUzUN9xfd1YTvYh7ub5ZPJ+ZJ/+K2Bp6IpWGmnw8r3caLTsmhvJAKZz3qjIo9+XuCQ==}
    dev: false

  /bytes@3.1.0:
    resolution: {integrity: sha512-zauLjrfCG+xvoyaqLoV8bLVXXNGC4JqlxFCutSDWA6fJrTo2ZuvLYTqZ7aHBLZSMOopbzwv8f+wZcVzfVTI2Dg==}
    engines: {node: '>= 0.8'}
    dev: false

  /content-disposition@0.5.3:
    resolution: {integrity: sha512-ExO0774ikEObIAEV9kDo50o+79VCUdEB6n6lzKgGwupcVeRlhrj3qGAfwq8G6uBJjkqLrhT0qEYFcWng8z1z0g==}
    engines: {node: '>= 0.6'}
    dependencies:
      safe-buffer: 5.1.2
    dev: false

  /content-type@1.0.5:
    resolution: {integrity: sha512-nTjqfcBFEipKdXCv4YDQWCfmcLZKm81ldF0pAopTvyrFGVbcR6P/VAAd5G7N+0tTr8QqiU0tFadD6FK4NtJwOA==}
    engines: {node: '>= 0.6'}
    dev: false

  /cookie-signature@1.0.6:
    resolution: {integrity: sha512-QADzlaHc8icV8I7vbaJXJwod9HWYp8uCqf1xa4OfNu1T7JVxQIrUgOWtHdNDtPiywmFbiS12VjotIXLrKM3orQ==}
    dev: false

  /cookie@0.4.0:
    resolution: {integrity: sha512-+Hp8fLp57wnUSt0tY0tHEXh4voZRDnoIrZPqlo3DPiI4y9lwg/jqx+1Om94/W6ZaPDOUbnjOt/99w66zk+l1Xg==}
    engines: {node: '>= 0.6'}
    dev: false

  /debug@2.6.7:
    resolution: {integrity: sha512-7YoSmTDGnXYkFJOvaYXfxcvNE25Y11uZ0X8Mo+pSXjHz/9WUlbCS4O6q+wj7lhubdNQQXxxsSOnlqlDG8SenXQ==}
    peerDependencies:
      supports-color: '*'
    peerDependenciesMeta:
      supports-color:
        optional: true
    dependencies:
      ms: 2.0.0
    dev: false

  /debug@2.6.9:
    resolution: {integrity: sha512-bC7ElrdJaJnPbAP+1EotYvqZsb3ecl5wi6Bfi6BJTUcNowp6cvspg0jXznRTKDjm/E7AdgFBVeAPVMNcKGsHMA==}
    peerDependencies:
      supports-color: '*'
    peerDependenciesMeta:
      supports-color:
        optional: true
    dependencies:
      ms: 2.0.0
    dev: false

  /depd@1.1.2:
    resolution: {integrity: sha512-7emPTl6Dpo6JRXOXjLRxck+FlLRX5847cLKEn00PLAgc3g2hTZZgr+e4c2v6QpSmLeFP3n5yUo7ft6avBK/5jQ==}
    engines: {node: '>= 0.6'}
    dev: false

  /destroy@1.0.4:
    resolution: {integrity: sha512-3NdhDuEXnfun/z7x9GOElY49LoqVHoGScmOKwmxhsS8N5Y+Z8KyPPDnaSzqWgYt/ji4mqwfTS34Htrk0zPIXVg==}
    dev: false

  /ee-first@1.1.1:
    resolution: {integrity: sha512-WMwm9LhRUo+WUaRN+vRuETqG89IgZphVSNkdFgeb6sS/E4OrDIN7t48CAewSHXc6C8lefD8KKfr5vY61brQlow==}
    dev: false

  /encodeurl@1.0.2:
    resolution: {integrity: sha512-TPJXq8JqFaVYm2CWmPvnP2Iyo4ZSM7/QKcSmuMLDObfpH5fi7RUGmd/rTDf+rut/saiDiQEeVTNgAmJEdAOx0w==}
    engines: {node: '>= 0.8'}
    dev: false

  /escape-html@1.0.3:
    resolution: {integrity: sha512-NiSupZ4OeuGwr68lGIeym/ksIZMJodUGOSCZ/FSnTxcrekbvqrgdUxlJOMpijaKZVjAJrWrGs/6Jy8OMuyj9ow==}
    dev: false

  /etag@1.8.1:
    resolution: {integrity: sha512-aIL5Fx7mawVa300al2BnEE4iNvo1qETxLrPI/o05L7z6go7fCw1J6EQmbK4FmJ2AS7kgVF/KEZWufBfdClMcPg==}
    engines: {node: '>= 0.6'}
    dev: false

  /express@4.17.1:
    resolution: {integrity: sha512-mHJ9O79RqluphRrcw2X/GTh3k9tVv8YcoyY4Kkh4WDMUYKRZUq0h1o0w2rrrxBqM7VoeUVqgb27xlEMXTnYt4g==}
    engines: {node: '>= 0.10.0'}
    dependencies:
      accepts: 1.3.8
      array-flatten: 1.1.1
      body-parser: 1.19.0
      content-disposition: 0.5.3
      content-type: 1.0.5
      cookie: 0.4.0
      cookie-signature: 1.0.6
      debug: 2.6.9
      depd: 1.1.2
      encodeurl: 1.0.2
      escape-html: 1.0.3
      etag: 1.8.1
      finalhandler: 1.1.2
      fresh: 0.5.2
      merge-descriptors: 1.0.1
      methods: 1.1.2
      on-finished: 2.3.0
      parseurl: 1.3.3
      path-to-regexp: 0.1.7
      proxy-addr: 2.0.7
      qs: 6.7.0
      range-parser: 1.2.1
      safe-buffer: 5.1.2
      send: 0.17.1
      serve-static: 1.14.1
      setprototypeof: 1.1.1
      statuses: 1.5.0
      type-is: 1.6.18
      utils-merge: 1.0.1
      vary: 1.1.2
    transitivePeerDependencies:
      - supports-color
    dev: false

  /fast-xml-parser@4.1.2:
    resolution: {integrity: sha512-CDYeykkle1LiA/uqQyNwYpFbyF6Axec6YapmpUP+/RHWIoR1zKjocdvNaTsxCxZzQ6v9MLXaSYm9Qq0thv0DHg==}
    hasBin: true
    dependencies:
      strnum: 1.0.5
    dev: true

  /finalhandler@1.1.2:
    resolution: {integrity: sha512-aAWcW57uxVNrQZqFXjITpW3sIUQmHGG3qSb9mUah9MgMC4NeWhNOlNjXEYq3HjRAvL6arUviZGGJsBg6z0zsWA==}
    engines: {node: '>= 0.8'}
    dependencies:
      debug: 2.6.9
      encodeurl: 1.0.2
      escape-html: 1.0.3
      on-finished: 2.3.0
      parseurl: 1.3.3
      statuses: 1.5.0
      unpipe: 1.0.0
    transitivePeerDependencies:
      - supports-color
    dev: false

  /forwarded@0.2.0:
    resolution: {integrity: sha512-buRG0fpBtRHSTCOASe6hD258tEubFoRLb4ZNA6NxMVHNw2gOcwHo9wyablzMzOA5z9xA9L1KNjk/Nt6MT9aYow==}
    engines: {node: '>= 0.6'}
    dev: false

  /fresh@0.5.2:
    resolution: {integrity: sha512-zJ2mQYM18rEFOudeV4GShTGIQ7RbzA7ozbU9I/XBpm7kqgMywgmylMwXHxZJmkVoYkna9d2pVXVXPdYTP9ej8Q==}
    engines: {node: '>= 0.6'}
    dev: false

  /http-errors@1.6.3:
    resolution: {integrity: sha512-lks+lVC8dgGyh97jxvxeYTWQFvh4uw4yC12gVl63Cg30sjPX4wuGcdkICVXDAESr6OJGjqGA8Iz5mkeN6zlD7A==}
    engines: {node: '>= 0.6'}
    dependencies:
      depd: 1.1.2
      inherits: 2.0.3
      setprototypeof: 1.1.0
      statuses: 1.5.0
    dev: false

  /http-errors@1.7.2:
    resolution: {integrity: sha512-uUQBt3H/cSIVfch6i1EuPNy/YsRSOUBXTVfZ+yR7Zjez3qjBz6i9+i4zjNaoqcoFVI4lQJ5plg63TvGfRSDCRg==}
    engines: {node: '>= 0.6'}
    dependencies:
      depd: 1.1.2
      inherits: 2.0.3
      setprototypeof: 1.1.1
      statuses: 1.5.0
      toidentifier: 1.0.0
    dev: false

  /http-errors@1.7.3:
    resolution: {integrity: sha512-ZTTX0MWrsQ2ZAhA1cejAwDLycFsd7I7nVtnkT3Ol0aqodaKW+0CTZDQ1uBv5whptCnc8e8HeRRJxRs0kmm/Qfw==}
    engines: {node: '>= 0.6'}
    dependencies:
      depd: 1.1.2
      inherits: 2.0.4
      setprototypeof: 1.1.1
      statuses: 1.5.0
      toidentifier: 1.0.0
    dev: false

  /iconv-lite@0.4.15:
    resolution: {integrity: sha512-RGR+c9Lm+tLsvU57FTJJtdbv2hQw42Yl2n26tVIBaYmZzLN+EGfroUugN/z9nJf9kOXd49hBmpoGr4FEm+A4pw==}
    engines: {node: '>=0.10.0'}
    dev: false

  /iconv-lite@0.4.24:
    resolution: {integrity: sha512-v3MXnZAcvnywkTUEZomIActle7RXXeedOR31wwl7VlyoXO4Qi9arvSenNQWne1TcRwhCL1HwLI21bEqdpj8/rA==}
    engines: {node: '>=0.10.0'}
    dependencies:
      safer-buffer: 2.1.2
    dev: false

  /inherits@2.0.3:
    resolution: {integrity: sha512-x00IRNXNy63jwGkJmzPigoySHbaqpNuzKbBOmzK+g2OdZpQ9w+sxCN+VSB3ja7IAge2OP2qpfxTjeNcyjmW1uw==}
    dev: false

  /inherits@2.0.4:
    resolution: {integrity: sha512-k/vGaX4/Yla3WzyMCvTQOXYeIHvqOKtnqBduzTHpzpQZzAskKMhZ2K+EnBiSM9zGSoIFeMpXKxa4dYeZIQqewQ==}
    dev: false

  /ipaddr.js@1.9.1:
    resolution: {integrity: sha512-0KI/607xoxSToH7GjN1FfSbLoU0+btTicjsQSWQlh/hZykN8KpmMf7uYwPW3R+akZ6R/w18ZlXSHBYXiYUPO3g==}
    engines: {node: '>= 0.10'}
    dev: false

  /media-typer@0.3.0:
    resolution: {integrity: sha512-dq+qelQ9akHpcOl/gUVRTxVIOkAJ1wR3QAvb4RsVjS8oVoFjDGTc679wJYmUmknUF5HwMLOgb5O+a3KxfWapPQ==}
    engines: {node: '>= 0.6'}
    dev: false

  /merge-descriptors@1.0.1:
    resolution: {integrity: sha512-cCi6g3/Zr1iqQi6ySbseM1Xvooa98N0w31jzUYrXPX2xqObmFGHJ0tQ5u74H3mVh7wLouTseZyYIq39g8cNp1w==}
    dev: false

  /methods@1.1.2:
    resolution: {integrity: sha512-iclAHeNqNm68zFtnZ0e+1L2yUIdvzNoauKU4WBA3VvH/vPFieF7qfRlwUZU+DA9P9bPXIS90ulxoUoCH23sV2w==}
    engines: {node: '>= 0.6'}
    dev: false

  /mime-db@1.52.0:
    resolution: {integrity: sha512-sPU4uV7dYlvtWJxwwxHD0PuihVNiE7TyAbQ5SWxDCB9mUYvOgroQOwYQQOKPJ8CIbE+1ETVlOoK1UC2nU3gYvg==}
    engines: {node: '>= 0.6'}
    dev: false

  /mime-types@2.1.35:
    resolution: {integrity: sha512-ZDY+bPm5zTTF+YpCrAU9nK0UgICYPT0QtT1NZWFv4s++TNkcgVaT0g6+4R2uI4MjQjzysHB1zxuWL50hzaeXiw==}
    engines: {node: '>= 0.6'}
    dependencies:
      mime-db: 1.52.0
    dev: false

  /mime@1.6.0:
    resolution: {integrity: sha512-x0Vn8spI+wuJ1O6S7gnbaQg8Pxh4NNHb7KSINmEWKiPE4RKOplvijn+NkmYmmRgP68mc70j2EbeTFRsrswaQeg==}
    engines: {node: '>=4'}
    hasBin: true
    dev: false

  /ms@2.0.0:
    resolution: {integrity: sha512-Tpp60P6IUJDTuOq/5Z8cdskzJujfwqfOTkrwIwj7IRISpnkJnT6SyJ4PCPnGMoFjC9ddhal5KVIYtAt97ix05A==}
    dev: false

  /ms@2.1.1:
    resolution: {integrity: sha512-tgp+dl5cGk28utYktBsrFqA7HKgrhgPsg6Z/EfhWI4gl1Hwq8B/GmY/0oXZ6nF8hDVesS/FpnYaD/kOWhYQvyg==}
    dev: false

  /negotiator@0.6.3:
    resolution: {integrity: sha512-+EUsqGPLsM+j/zdChZjsnX51g4XrHFOIXwfnCVPGlQk/k5giakcKsuxCObBRu6DSm9opw/O6slWbJdghQM4bBg==}
    engines: {node: '>= 0.6'}
    dev: false

  /on-finished@2.3.0:
    resolution: {integrity: sha512-ikqdkGAAyf/X/gPhXGvfgAytDZtDbr+bkNUJ0N9h5MI/dmdgCs3l6hoHrcUv41sRKew3jIwrp4qQDXiK99Utww==}
    engines: {node: '>= 0.8'}
    dependencies:
      ee-first: 1.1.1
    dev: false

  /parseurl@1.3.3:
    resolution: {integrity: sha512-CiyeOxFT/JZyN5m0z9PfXw4SCBJ6Sygz1Dpl0wqjlhDEGGBP1GnsUVEL0p63hoG1fcj3fHynXi9NYO4nWOL+qQ==}
    engines: {node: '>= 0.8'}
    dev: false

  /path-to-regexp@0.1.7:
    resolution: {integrity: sha512-5DFkuoqlv1uYQKxy8omFBeJPQcdoE07Kv2sferDCrAq1ohOU+MSDswDIbnx3YAM60qIOnYa53wBhXW0EbMonrQ==}
    dev: false

  /proxy-addr@2.0.7:
    resolution: {integrity: sha512-llQsMLSUDUPT44jdrU/O37qlnifitDP+ZwrmmZcoSKyLKvtZxpyV0n2/bD/N4tBAAZ/gJEdZU7KMraoK1+XYAg==}
    engines: {node: '>= 0.10'}
    dependencies:
      forwarded: 0.2.0
      ipaddr.js: 1.9.1
    dev: false

  /qs@6.4.0:
    resolution: {integrity: sha512-Qs6dfgR5OksK/PSxl1kGxiZgEQe8RqJMB9wZqVlKQfU+zzV+HY77pWJnoJENACKDQByWdpr8ZPIh1TBi4lpiSQ==}
    engines: {node: '>=0.6'}
    dev: false

  /qs@6.7.0:
    resolution: {integrity: sha512-VCdBRNFTX1fyE7Nb6FYoURo/SPe62QCaAyzJvUjwRaIsc+NePBEniHlvxFmmX56+HZphIGtV0XeCirBtpDrTyQ==}
    engines: {node: '>=0.6'}
    dev: false

  /range-parser@1.2.1:
    resolution: {integrity: sha512-Hrgsx+orqoygnmhFbKaHE6c296J+HTAQXoxEF6gNupROmmGJRoyzfG3ccAveqCBrwr/2yxQ5BVd/GTl5agOwSg==}
    engines: {node: '>= 0.6'}
    dev: false

  /raw-body@2.2.0:
    resolution: {integrity: sha512-C6xnwM0GY3tP6cwSzBTjPIW/PgxwxxHAyDoO4q4Ajyf80TyU2e5IsMwumoJf5WXiAVG77u2SDEFUM/9T+9oC0g==}
    engines: {node: '>= 0.8'}
    dependencies:
      bytes: 2.4.0
      iconv-lite: 0.4.15
      unpipe: 1.0.0
    dev: false

  /raw-body@2.4.0:
    resolution: {integrity: sha512-4Oz8DUIwdvoa5qMJelxipzi/iJIi40O5cGV1wNYp5hvZP8ZN0T+jiNkL0QepXs+EsQ9XJ8ipEDoiH70ySUJP3Q==}
    engines: {node: '>= 0.8'}
    dependencies:
      bytes: 3.1.0
      http-errors: 1.7.2
      iconv-lite: 0.4.24
      unpipe: 1.0.0
    dev: false

  /safe-buffer@5.1.2:
    resolution: {integrity: sha512-Gd2UZBJDkXlY7GbJxfsE8/nvKkUEU1G38c1siN6QP6a9PT9MmHB8GnpscSmMJSoF8LOIrt8ud/wPtojys4G6+g==}
    dev: false

  /safer-buffer@2.1.2:
    resolution: {integrity: sha512-YZo3K82SD7Riyi0E1EQPojLz7kpepnSQI9IyPbHHg1XXXevb5dJI7tpyN2ADxGcQbHG7vcyRHk0cbwqcQriUtg==}
    dev: false

  /send@0.17.1:
    resolution: {integrity: sha512-BsVKsiGcQMFwT8UxypobUKyv7irCNRHk1T0G680vk88yf6LBByGcZJOTJCrTP2xVN6yI+XjPJcNuE3V4fT9sAg==}
    engines: {node: '>= 0.8.0'}
    dependencies:
      debug: 2.6.9
      depd: 1.1.2
      destroy: 1.0.4
      encodeurl: 1.0.2
      escape-html: 1.0.3
      etag: 1.8.1
      fresh: 0.5.2
      http-errors: 1.7.3
      mime: 1.6.0
      ms: 2.1.1
      on-finished: 2.3.0
      range-parser: 1.2.1
      statuses: 1.5.0
    transitivePeerDependencies:
      - supports-color
    dev: false

  /serve-static@1.14.1:
    resolution: {integrity: sha512-JMrvUwE54emCYWlTI+hGrGv5I8dEwmco/00EvkzIIsR7MqrHonbD9pO2MOfFnpFntl7ecpZs+3mW+XbQZu9QCg==}
    engines: {node: '>= 0.8.0'}
    dependencies:
      encodeurl: 1.0.2
      escape-html: 1.0.3
      parseurl: 1.3.3
      send: 0.17.1
    transitivePeerDependencies:
      - supports-color
    dev: false

  /setprototypeof@1.1.0:
    resolution: {integrity: sha512-BvE/TwpZX4FXExxOxZyRGQQv651MSwmWKZGqvmPcRIjDqWub67kTKuIMx43cZZrS/cBBzwBcNDWoFxt2XEFIpQ==}
    dev: false

  /setprototypeof@1.1.1:
    resolution: {integrity: sha512-JvdAWfbXeIGaZ9cILp38HntZSFSo3mWg6xGcJJsd+d4aRMOqauag1C63dJfDw7OaMYwEbHMOxEZ1lqVRYP2OAw==}
    dev: false

  /statuses@1.5.0:
    resolution: {integrity: sha512-OpZ3zP+jT1PI7I8nemJX4AKmAX070ZkYPVWV/AaKTJl+tXCTGyVdC1a4SL8RUQYEwk/f34ZX8UTykN68FwrqAA==}
    engines: {node: '>= 0.6'}
    dev: false

  /strnum@1.0.5:
    resolution: {integrity: sha512-J8bbNyKKXl5qYcR36TIO8W3mVGVHrmmxsd5PAItGkmyzwJvybiw2IVq5nqd0i4LSNSkB/sx9VHllbfFdr9k1JA==}
    dev: true

  /toidentifier@1.0.0:
    resolution: {integrity: sha512-yaOH/Pk/VEhBWWTlhI+qXxDFXlejDGcQipMlyxda9nthulaxLZUNcUqFxokp0vcYnvteJln5FNQDRrxj3YcbVw==}
    engines: {node: '>=0.6'}
    dev: false

  /tslib@1.14.1:
    resolution: {integrity: sha512-Xni35NKzjgMrwevysHTCArtLDpPvye8zV/0E4EyYn43P7/7qvQwPh9BGkHewbMulVntbigmcT7rdX3BNo9wRJg==}
    dev: true

  /tslib@2.6.1:
    resolution: {integrity: sha512-t0hLfiEKfMUoqhG+U1oid7Pva4bbDPHYfJNiB7BiIjRkj1pyC++4N3huJfqY6aRH6VTB0rvtzQwjM4K6qpfOig==}
    dev: true

  /type-is@1.6.18:
    resolution: {integrity: sha512-TkRKr9sUTxEH8MdfuCSP7VizJyzRNMjj2J2do2Jr3Kym598JVdEksuzPQCnlFPW4ky9Q+iA+ma9BGm06XQBy8g==}
    engines: {node: '>= 0.6'}
    dependencies:
      media-typer: 0.3.0
      mime-types: 2.1.35
    dev: false

  /unpipe@1.0.0:
    resolution: {integrity: sha512-pjy2bYhSsufwWlKwPc+l3cN7+wuJlK6uz0YdJEOlQDbl6jo/YlPi4mb8agUkVC8BF7V8NuzeyPNqRksA3hztKQ==}
    engines: {node: '>= 0.8'}
    dev: false

  /utils-merge@1.0.1:
    resolution: {integrity: sha512-pMZTvIkT1d+TFGvDOqodOclx0QWkkgi6Tdoa8gC8ffGAAqz9pzPTZWAybbsHHoED/ztMtkv/VoYTYyShUn81hA==}
    engines: {node: '>= 0.4.0'}
    dev: false

  /uuid@8.3.2:
    resolution: {integrity: sha512-+NYs2QeMWy+GWFOEm9xnn6HCDp0l7QBD7ml8zLUmJ+93Q5NF0NocErnwkTkXVFNiX3/fpC6afS8Dhb/gz7R7eg==}
    hasBin: true
    dev: true

  /vary@1.1.2:
    resolution: {integrity: sha512-BNGbWLfd0eUPabhkXUVm0j8uuvREyTh5ovRa/dyow/BqAbZJyC+5fU+IzQOzmAKzYqYRAISoRhdQr3eIZ/PXqg==}
    engines: {node: '>= 0.8'}
    dev: false
